
Microsoft Visual Studio Solution File, Format Version 12.00
# Visual Studio Version 17
VisualStudioVersion = 17.8.34330.188
MinimumVisualStudioVersion = 10.0.40219.1
Project("{FAE04EC0-301F-11D3-BF4B-00C04F79EFBC}") = "open data", "open data\open data.csproj", "{B994610E-0AC6-46B5-9830-1091A2FA9255}"
EndProject
Global
	GlobalSection(SolutionConfigurationPlatforms) = preSolution
		Debug|Any CPU = Debug|Any CPU
		Release|Any CPU = Release|Any CPU
	EndGlobalSection
	GlobalSection(ProjectConfigurationPlatforms) = postSolution
		{B994610E-0AC6-46B5-9830-1091A2FA9255}.Debug|Any CPU.ActiveCfg = Debug|Any CPU
		{B994610E-0AC6-46B5-9830-1091A2FA9255}.Debug|Any CPU.Build.0 = Debug|Any CPU
		{B994610E-0AC6-46B5-9830-1091A2FA9255}.Release|Any CPU.ActiveCfg = Release|Any CPU
		{B994610E-0AC6-46B5-9830-1091A2FA9255}.Release|Any CPU.Build.0 = Release|Any CPU
	EndGlobalSection
	GlobalSection(SolutionProperties) = preSolution
		HideSolutionNode = FALSE
	EndGlobalSection
	GlobalSection(ExtensibilityGlobals) = postSolution
		SolutionGuid = {60D7EB66-2B4E-43F4-A939-CC982F690A42}
	EndGlobalSection
EndGlobal
